// !$*UTF8*$!
{
	archiveVersion = 1;
	classes = {
	};
	objectVersion = 77;
	objects = {

/* Begin PBXBuildFile section */
		63B83F9A2EAE057400544088 /* NIO in Frameworks */ = {isa = PBXBuildFile; productRef = 63B83F992EAE057400544088 /* NIO */; };
		63B83F9C2EAE057400544088 /* NIOCore in Frameworks */ = {isa = PBXBuildFile; productRef = 63B83F9B2EAE057400544088 /* NIOCore */; };
		63B83F9E2EAE057400544088 /* NIOHTTP1 in Frameworks */ = {isa = PBXBuildFile; productRef = 63B83F9D2EAE057400544088 /* NIOHTTP1 */; };
		63B83FA02EAE057400544088 /* NIOPosix in Frameworks */ = {isa = PBXBuildFile; productRef = 63B83F9F2EAE057400544088 /* NIOPosix */; };
		63B83FA22EAE057400544088 /* NIOWebSocket in Frameworks */ = {isa = PBXBuildFile; productRef = 63B83FA12EAE057400544088 /* NIOWebSocket */; };
		8C3A2FAD2FB5AC4700DA4EAB /* NIOSSL in Frameworks */ = {isa = PBXBuildFile; productRef = 8C3A2FAC2FB5AC4700DA4EAB /* NIOSSL */; };
/* End PBXBuildFile section */

/* Begin PBXFileReference section */
		63B83F6E2EADFE6E00544088 /* STTBridge.app */ = {isa = PBXFileReference; explicitFileType = wrapper.application; includeInIndex = 0; path = STTBridge.app; sourceTree = BUILT_PRODUCTS_DIR; };
/* End PBXFileReference section */

/* Begin PBXFileSystemSynchronizedRootGroup section */
		63B83F702EADFE6E00544088 /* STTBridge */ = {
			isa = PBXFileSystemSynchronizedRootGroup;
			path = STTBridge;
			sourceTree = "<group>";
		};
/* End PBXFileSystemSynchronizedRootGroup section */

/* Begin PBXFrameworksBuildPhase section */
		63B83F6B2EADFE6E00544088 /* Frameworks */ = {
			isa = PBXFrameworksBuildPhase;
			buildActionMask = 2147483647;
			files = (
				63B83FA22EAE057400544088 /* NIOWebSocket in Frameworks */,
				63B83F9E2EAE057400544088 /* NIOHTTP1 in Frameworks */,
				8C3A2FAD2FB5AC4700DA4EAB /* NIOSSL in Frameworks */,
				63B83FA02EAE057400544088 /* NIOPosix in Frameworks */,
				63B83F9C2EAE057400544088 /* NIOCore in Frameworks */,
				63B83F9A2EAE057400544088 /* NIO in Frameworks */,
			);
			runOnlyForDeploymentPostprocessing = 0;
		};
/* End PBXFrameworksBuildPhase section */

/* Begin PBXGroup section */
		63B83F652EADFE6E00544088 = {
			isa = PBXGroup;
			children = (
				63B83F702EADFE6E00544088 /* STTBridge */,
				63B83F982EAE057400544088 /* Frameworks */,
				63B83F6F2EADFE6E00544088 /* Products */,
			);
			sourceTree = "<group>";
		};
		63B83F6F2EADFE6E00544088 /* Products */ = {
			isa = PBXGroup;
			children = (
				63B83F6E2EADFE6E00544088 /* STTBridge.app */,
			);
			name = Products;
			sourceTree = "<group>";
		};
		63B83F982EAE057400544088 /* Frameworks */ = {
			isa = PBXGroup;
			children = (
			);
			name = Frameworks;
			sourceTree = "<group>";
		};
/* End PBXGroup section */

/* Begin PBXNativeTarget section */
		63B83F6D2EADFE6E00544088 /* STTBridge */ = {
			isa = PBXNativeTarget;
			buildConfigurationList = 63B83F7E2EADFE7000544088 /* Build configuration list for PBXNativeTarget "STTBridge" */;
			buildPhases = (
				63B83F6A2EADFE6E00544088 /* Sources */,
				63B83F6B2EADFE6E00544088 /* Frameworks */,
				63B83F6C2EADFE6E00544088 /* Resources */,
			);
			buildRules = (
			);
			dependencies = (
			);
			fileSystemSynchronizedGroups = (
				63B83F702EADFE6E00544088 /* STTBridge */,
			);
			name = STTBridge;
			packageProductDependencies = (
				63B83F992EAE057400544088 /* NIO */,
				63B83F9B2EAE057400544088 /* NIOCore */,
				63B83F9D2EAE057400544088 /* NIOHTTP1 */,
				63B83F9F2EAE057400544088 /* NIOPosix */,
				63B83FA12EAE057400544088 /* NIOWebSocket */,
				8C3A2FAC2FB5AC4700DA4EAB /* NIOSSL */,
			);
			productName = STTBridge;
			productReference = 63B83F6E2EADFE6E00544088 /* STTBridge.app */;
			productType = "com.apple.product-type.application";
		};
/* End PBXNativeTarget section */

/* Begin PBXProject section */
		63B83F662EADFE6E00544088 /* Project object */ = {
			isa = PBXProject;
			attributes = {
				BuildIndependentTargetsInParallel = 1;
				LastSwiftUpdateCheck = 2600;
				LastUpgradeCheck = 2650;
				TargetAttributes = {
					63B83F6D2EADFE6E00544088 = {
						CreatedOnToolsVersion = 26.0.1;
					};
				};
			};
			buildConfigurationList = 63B83F692EADFE6E00544088 /* Build configuration list for PBXProject "STTBridge" */;
			developmentRegion = en;
			hasScannedForEncodings = 0;
			knownRegions = (
				en,
				Base,
			);
			mainGroup = 63B83F652EADFE6E00544088;
			minimizedProjectReferenceProxies = 1;
			packageReferences = (
				63B83F812EADFEBD00544088 /* XCRemoteSwiftPackageReference "swift-nio" */,
				8C3A2FAB2FB5AC4700DA4EAB /* XCRemoteSwiftPackageReference "swift-nio-ssl" */,
			);
			preferredProjectObjectVersion = 77;
			productRefGroup = 63B83F6F2EADFE6E00544088 /* Products */;
			projectDirPath = "";
			projectRoot = "";
			targets = (
				63B83F6D2EADFE6E00544088 /* STTBridge */,
			);
		};
/* End PBXProject section */

/* Begin PBXResourcesBuildPhase section */
		63B83F6C2EADFE6E00544088 /* Resources */ = {
			isa = PBXResourcesBuildPhase;
			buildActionMask = 2147483647;
			files = (
			);
			runOnlyForDeploymentPostprocessing = 0;
		};
/* End PBXResourcesBuildPhase section */

/* Begin PBXSourcesBuildPhase section */
		63B83F6A2EADFE6E00544088 /* Sources */ = {
			isa = PBXSourcesBuildPhase;
			buildActionMask = 2147483647;
			files = (
			);
			runOnlyForDeploymentPostprocessing = 0;
		};
/* End PBXSourcesBuildPhase section */

/* Begin XCBuildConfiguration section */
		63B83F7C2EADFE7000544088 /* Debug */ = {
			isa = XCBuildConfiguration;
			buildSettings = {
				ALWAYS_SEARCH_USER_PATHS = NO;
				ASSETCATALOG_COMPILER_GENERATE_SWIFT_ASSET_SYMBOL_EXTENSIONS = YES;
				CLANG_ANALYZER_NONNULL = YES;
				CLANG_ANALYZER_NUMBER_OBJECT_CONVERSION = YES_AGGRESSIVE;
				CLANG_CXX_LANGUAGE_STANDARD = "gnu++20";
				CLANG_ENABLE_MODULES = YES;
				CLANG_ENABLE_OBJC_ARC = YES;
				CLANG_ENABLE_OBJC_WEAK = YES;
				CLANG_WARN_BLOCK_CAPTURE_AUTORELEASING = YES;
				CLANG_WARN_BOOL_CONVERSION = YES;
				CLANG_WARN_COMMA = YES;
				CLANG_WARN_CONSTANT_CONVERSION = YES;
				CLANG_WARN_DEPRECATED_OBJC_IMPLEMENTATIONS = YES;
				CLANG_WARN_DIRECT_OBJC_ISA_USAGE = YES_ERROR;
				CLANG_WARN_DOCUMENTATION_COMMENTS = YES;
				CLANG_WARN_EMPTY_BODY = YES;
				CLANG_WARN_ENUM_CONVERSION = YES;
				CLANG_WARN_INFINITE_RECURSION = YES;
				CLANG_WARN_INT_CONVERSION = YES;
				CLANG_WARN_NON_LITERAL_NULL_CONVERSION = YES;
				CLANG_WARN_OBJC_IMPLICIT_RETAIN_SELF = YES;
				CLANG_WARN_OBJC_LITERAL_CONVERSION = YES;
				CLANG_WARN_OBJC_ROOT_CLASS = YES_ERROR;
				CLANG_WARN_QUOTED_INCLUDE_IN_FRAMEWORK_HEADER = YES;
				CLANG_WARN_RANGE_LOOP_ANALYSIS = YES;
				CLANG_WARN_STRICT_PROTOTYPES = YES;
				CLANG_WARN_SUSPICIOUS_MOVE = YES;
				CLANG_WARN_UNGUARDED_AVAILABILITY = YES_AGGRESSIVE;
				CLANG_WARN_UNREACHABLE_CODE = YES;
				CLANG_WARN__DUPLICATE_METHOD_MATCH = YES;
				COPY_PHASE_STRIP = NO;
				DEAD_CODE_STRIPPING = YES;
				DEBUG_INFORMATION_FORMAT = dwarf;
				DEVELOPMENT_TEAM = Y2VXB89ZSP;
				ENABLE_STRICT_OBJC_MSGSEND = YES;
				ENABLE_TESTABILITY = YES;
				ENABLE_USER_SCRIPT_SANDBOXING = YES;
				GCC_C_LANGUAGE_STANDARD = gnu17;
				GCC_DYNAMIC_NO_PIC = NO;
				GCC_NO_COMMON_BLOCKS = YES;
				GCC_OPTIMIZATION_LEVEL = 0;
				GCC_PREPROCESSOR_DEFINITIONS = (
					"DEBUG=1",
					"$(inherited)",
				);
				GCC_WARN_64_TO_32_BIT_CONVERSION = YES;
				GCC_WARN_ABOUT_RETURN_TYPE = YES_ERROR;
				GCC_WARN_UNDECLARED_SELECTOR = YES;
				GCC_WARN_UNINITIALIZED_AUTOS = YES_AGGRESSIVE;
				GCC_WARN_UNUSED_FUNCTION = YES;
				GCC_WARN_UNUSED_VARIABLE = YES;
				LOCALIZATION_PREFERS_STRING_CATALOGS = YES;
				MACOSX_DEPLOYMENT_TARGET = 14.6;
				MTL_ENABLE_DEBUG_INFO = INCLUDE_SOURCE;
				MTL_FAST_MATH = YES;
				ONLY_ACTIVE_ARCH = YES;
				SDKROOT = macosx;
				STRING_CATALOG_GENERATE_SYMBOLS = YES;
				SWIFT_ACTIVE_COMPILATION_CONDITIONS = "DEBUG $(inherited)";
				SWIFT_OPTIMIZATION_LEVEL = "-Onone";
				SWIFT_VERSION = 6.0;
			};
			name = Debug;
		};
		63B83F7D2EADFE7000544088 /* Release */ = {
			isa = XCBuildConfiguration;
			buildSettings = {
				ALWAYS_SEARCH_USER_PATHS = NO;
				ASSETCATALOG_COMPILER_GENERATE_SWIFT_ASSET_SYMBOL_EXTENSIONS = YES;
				CLANG_ANALYZER_NONNULL = YES;
				CLANG_ANALYZER_NUMBER_OBJECT_CONVERSION = YES_AGGRESSIVE;
				CLANG_CXX_LANGUAGE_STANDARD = "gnu++20";
				CLANG_ENABLE_MODULES = YES;
				CLANG_ENABLE_OBJC_ARC = YES;
				CLANG_ENABLE_OBJC_WEAK = YES;
				CLANG_WARN_BLOCK_CAPTURE_AUTORELEASING = YES;
				CLANG_WARN_BOOL_CONVERSION = YES;
				CLANG_WARN_COMMA = YES;
				CLANG_WARN_CONSTANT_CONVERSION = YES;
				CLANG_WARN_DEPRECATED_OBJC_IMPLEMENTATIONS = YES;
				CLANG_WARN_DIRECT_OBJC_ISA_USAGE = YES_ERROR;
				CLANG_WARN_DOCUMENTATION_COMMENTS = YES;
				CLANG_WARN_EMPTY_BODY = YES;
				CLANG_WARN_ENUM_CONVERSION = YES;
				CLANG_WARN_INFINITE_RECURSION = YES;
				CLANG_WARN_INT_CONVERSION = YES;
				CLANG_WARN_NON_LITERAL_NULL_CONVERSION = YES;
				CLANG_WARN_OBJC_IMPLICIT_RETAIN_SELF = YES;
				CLANG_WARN_OBJC_LITERAL_CONVERSION = YES;
				CLANG_WARN_OBJC_ROOT_CLASS = YES_ERROR;
				CLANG_WARN_QUOTED_INCLUDE_IN_FRAMEWORK_HEADER = YES;
				CLANG_WARN_RANGE_LOOP_ANALYSIS = YES;
				CLANG_WARN_STRICT_PROTOTYPES = YES;
				CLANG_WARN_SUSPICIOUS_MOVE = YES;
				CLANG_WARN_UNGUARDED_AVAILABILITY = YES_AGGRESSIVE;
				CLANG_WARN_UNREACHABLE_CODE = YES;
				CLANG_WARN__DUPLICATE_METHOD_MATCH = YES;
				COPY_PHASE_STRIP = NO;
				DEAD_CODE_STRIPPING = YES;
				DEBUG_INFORMATION_FORMAT = "dwarf-with-dsym";
				DEVELOPMENT_TEAM = Y2VXB89ZSP;
				ENABLE_NS_ASSERTIONS = NO;
				ENABLE_STRICT_OBJC_MSGSEND = YES;
				ENABLE_USER_SCRIPT_SANDBOXING = YES;
				GCC_C_LANGUAGE_STANDARD = gnu17;
				GCC_NO_COMMON_BLOCKS = YES;
				GCC_WARN_64_TO_32_BIT_CONVERSION = YES;
				GCC_WARN_ABOUT_RETURN_TYPE = YES_ERROR;
				GCC_WARN_UNDECLARED_SELECTOR = YES;
				GCC_WARN_UNINITIALIZED_AUTOS = YES_AGGRESSIVE;
				GCC_WARN_UNUSED_FUNCTION = YES;
				GCC_WARN_UNUSED_VARIABLE = YES;
				LOCALIZATION_PREFERS_STRING_CATALOGS = YES;
				MACOSX_DEPLOYMENT_TARGET = 14.6;
				MTL_ENABLE_DEBUG_INFO = NO;
				MTL_FAST_MATH = YES;
				SDKROOT = macosx;
				STRING_CATALOG_GENERATE_SYMBOLS = YES;
				SWIFT_COMPILATION_MODE = wholemodule;
				SWIFT_VERSION = 6.0;
			};
			name = Release;
		};
		63B83F7F2EADFE7000544088 /* Debug */ = {
			isa = XCBuildConfiguration;
			baseConfigurationReferenceAnchor = 63B83F702EADFE6E00544088 /* STTBridge */;
			baseConfigurationReferenceRelativePath = Config.xcconfig;
			buildSettings = {
				ASSETCATALOG_COMPILER_APPICON_NAME = STTBridge;
				ASSETCATALOG_COMPILER_GLOBAL_ACCENT_COLOR_NAME = AccentColor;
				ASSETCATALOG_COMPILER_INCLUDE_ALL_APPICON_ASSETS = YES;
				CODE_SIGN_STYLE = Automatic;
				COMBINE_HIDPI_IMAGES = YES;
				CURRENT_PROJECT_VERSION = "$(BUILD_NUMBER)";
				DEAD_CODE_STRIPPING = YES;
				ENABLE_APP_SANDBOX = YES;
				ENABLE_INCOMING_NETWORK_CONNECTIONS = YES;
				ENABLE_OUTGOING_NETWORK_CONNECTIONS = NO;
				ENABLE_PREVIEWS = YES;
				ENABLE_RESOURCE_ACCESS_AUDIO_INPUT = YES;
				ENABLE_RESOURCE_ACCESS_BLUETOOTH = NO;
				ENABLE_RESOURCE_ACCESS_CALENDARS = NO;
				ENABLE_RESOURCE_ACCESS_CAMERA = NO;
				ENABLE_RESOURCE_ACCESS_CONTACTS = NO;
				ENABLE_RESOURCE_ACCESS_LOCATION = NO;
				ENABLE_RESOURCE_ACCESS_PRINTING = NO;
				ENABLE_RESOURCE_ACCESS_USB = NO;
				ENABLE_USER_SELECTED_FILES = readwrite;
				GENERATE_INFOPLIST_FILE = YES;
				INFOPLIST_KEY_CFBundleDisplayName = STTBridge;
				INFOPLIST_KEY_LSApplicationCategoryType = "public.app-category.utilities";
				INFOPLIST_KEY_NSHumanReadableCopyright = "© ${COPYRIGHT_YEAR} David Fankhänel, Jason Shiflet";
				INFOPLIST_KEY_NSMicrophoneUsageDescription = "To enable Speech-to-Text services for the Home Assistant STT integration";
				INFOPLIST_KEY_NSSpeechRecognitionUsageDescription = "To enable Speech-to-Text services for the Home Assistant STT integration";
				LD_RUNPATH_SEARCH_PATHS = (
					"$(inherited)",
					"@executable_path/../Frameworks",
				);
				MACOSX_DEPLOYMENT_TARGET = 14.6;
				MARKETING_VERSION = "$(VERSION)";
				PRODUCT_BUNDLE_IDENTIFIER = dfl.STTBridge;
				PRODUCT_NAME = "$(TARGET_NAME)";
				REGISTER_APP_GROUPS = YES;
				STRING_CATALOG_GENERATE_SYMBOLS = YES;
				SWIFT_APPROACHABLE_CONCURRENCY = YES;
				SWIFT_DEFAULT_ACTOR_ISOLATION = MainActor;
				SWIFT_EMIT_LOC_STRINGS = YES;
				SWIFT_UPCOMING_FEATURE_MEMBER_IMPORT_VISIBILITY = YES;
				SWIFT_VERSION = 5.0;
			};
			name = Debug;
		};
		63B83F802EADFE7000544088 /* Release */ = {
			isa = XCBuildConfiguration;
			baseConfigurationReferenceAnchor = 63B83F702EADFE6E00544088 /* STTBridge */;
			baseConfigurationReferenceRelativePath = Config.xcconfig;
			buildSettings = {
				ASSETCATALOG_COMPILER_APPICON_NAME = STTBridge;
				ASSETCATALOG_COMPILER_GLOBAL_ACCENT_COLOR_NAME = AccentColor;
				ASSETCATALOG_COMPILER_INCLUDE_ALL_APPICON_ASSETS = YES;
				CODE_SIGN_STYLE = Automatic;
				COMBINE_HIDPI_IMAGES = YES;
				CURRENT_PROJECT_VERSION = "$(BUILD_NUMBER)";
				DEAD_CODE_STRIPPING = YES;
				ENABLE_APP_SANDBOX = YES;
				ENABLE_INCOMING_NETWORK_CONNECTIONS = YES;
				ENABLE_OUTGOING_NETWORK_CONNECTIONS = NO;
				ENABLE_PREVIEWS = YES;
				ENABLE_RESOURCE_ACCESS_AUDIO_INPUT = YES;
				ENABLE_RESOURCE_ACCESS_BLUETOOTH = NO;
				ENABLE_RESOURCE_ACCESS_CALENDARS = NO;
				ENABLE_RESOURCE_ACCESS_CAMERA = NO;
				ENABLE_RESOURCE_ACCESS_CONTACTS = NO;
				ENABLE_RESOURCE_ACCESS_LOCATION = NO;
				ENABLE_RESOURCE_ACCESS_PRINTING = NO;
				ENABLE_RESOURCE_ACCESS_USB = NO;
				ENABLE_USER_SELECTED_FILES = readwrite;
				GENERATE_INFOPLIST_FILE = YES;
				INFOPLIST_KEY_CFBundleDisplayName = STTBridge;
				INFOPLIST_KEY_LSApplicationCategoryType = "public.app-category.utilities";
				INFOPLIST_KEY_NSHumanReadableCopyright = "© ${COPYRIGHT_YEAR} David Fankhänel, Jason Shiflet";
				INFOPLIST_KEY_NSMicrophoneUsageDescription = "To enable Speech-to-Text services for the Home Assistant STT integration";
				INFOPLIST_KEY_NSSpeechRecognitionUsageDescription = "To enable Speech-to-Text services for the Home Assistant STT integration";
				LD_RUNPATH_SEARCH_PATHS = (
					"$(inherited)",
					"@executable_path/../Frameworks",
				);
				MACOSX_DEPLOYMENT_TARGET = 14.6;
				MARKETING_VERSION = "$(VERSION)";
				PRODUCT_BUNDLE_IDENTIFIER = dfl.STTBridge;
				PRODUCT_NAME = "$(TARGET_NAME)";
				REGISTER_APP_GROUPS = YES;
				STRING_CATALOG_GENERATE_SYMBOLS = YES;
				SWIFT_APPROACHABLE_CONCURRENCY = YES;
				SWIFT_DEFAULT_ACTOR_ISOLATION = MainActor;
				SWIFT_EMIT_LOC_STRINGS = YES;
				SWIFT_UPCOMING_FEATURE_MEMBER_IMPORT_VISIBILITY = YES;
				SWIFT_VERSION = 5.0;
			};
			name = Release;
		};
/* End XCBuildConfiguration section */

/* Begin XCConfigurationList section */
		63B83F692EADFE6E00544088 /* Build configuration list for PBXProject "STTBridge" */ = {
			isa = XCConfigurationList;
			buildConfigurations = (
				63B83F7C2EADFE7000544088 /* Debug */,
				63B83F7D2EADFE7000544088 /* Release */,
			);
			defaultConfigurationIsVisible = 0;
			defaultConfigurationName = Release;
		};
		63B83F7E2EADFE7000544088 /* Build configuration list for PBXNativeTarget "STTBridge" */ = {
			isa = XCConfigurationList;
			buildConfigurations = (
				63B83F7F2EADFE7000544088 /* Debug */,
				63B83F802EADFE7000544088 /* Release */,
			);
			defaultConfigurationIsVisible = 0;
			defaultConfigurationName = Release;
		};
/* End XCConfigurationList section */

/* Begin XCRemoteSwiftPackageReference section */
		63B83F812EADFEBD00544088 /* XCRemoteSwiftPackageReference "swift-nio" */ = {
			isa = XCRemoteSwiftPackageReference;
			repositoryURL = "https://github.com/apple/swift-nio.git";
			requirement = {
				kind = upToNextMajorVersion;
				minimumVersion = 2.87.0;
			};
		};
		8C3A2FAB2FB5AC4700DA4EAB /* XCRemoteSwiftPackageReference "swift-nio-ssl" */ = {
			isa = XCRemoteSwiftPackageReference;
			repositoryURL = "https://github.com/apple/swift-nio-ssl.git";
			requirement = {
				kind = upToNextMajorVersion;
				minimumVersion = 2.37.0;
			};
		};
/* End XCRemoteSwiftPackageReference section */

/* Begin XCSwiftPackageProductDependency section */
		63B83F992EAE057400544088 /* NIO */ = {
			isa = XCSwiftPackageProductDependency;
			package = 63B83F812EADFEBD00544088 /* XCRemoteSwiftPackageReference "swift-nio" */;
			productName = NIO;
		};
		63B83F9B2EAE057400544088 /* NIOCore */ = {
			isa = XCSwiftPackageProductDependency;
			package = 63B83F812EADFEBD00544088 /* XCRemoteSwiftPackageReference "swift-nio" */;
			productName = NIOCore;
		};
		63B83F9D2EAE057400544088 /* NIOHTTP1 */ = {
			isa = XCSwiftPackageProductDependency;
			package = 63B83F812EADFEBD00544088 /* XCRemoteSwiftPackageReference "swift-nio" */;
			productName = NIOHTTP1;
		};
		63B83F9F2EAE057400544088 /* NIOPosix */ = {
			isa = XCSwiftPackageProductDependency;
			package = 63B83F812EADFEBD00544088 /* XCRemoteSwiftPackageReference "swift-nio" */;
			productName = NIOPosix;
		};
		63B83FA12EAE057400544088 /* NIOWebSocket */ = {
			isa = XCSwiftPackageProductDependency;
			package = 63B83F812EADFEBD00544088 /* XCRemoteSwiftPackageReference "swift-nio" */;
			productName = NIOWebSocket;
		};
		8C3A2FAC2FB5AC4700DA4EAB /* NIOSSL */ = {
			isa = XCSwiftPackageProductDependency;
			package = 8C3A2FAB2FB5AC4700DA4EAB /* XCRemoteSwiftPackageReference "swift-nio-ssl" */;
			productName = NIOSSL;
		};
/* End XCSwiftPackageProductDependency section */
	};
	rootObject = 63B83F662EADFE6E00544088 /* Project object */;
}
